{ status: 0,
  signal: null,
  output: [ null, null, null ],
  pid: 2992,
  stdout: null,
  stderr: null,
  envPairs:
  [ 'GIT_PS1_SHOWDIRTYSTATE=true',
    'TALEND_REGISTRY=registry.datapwn.com',
    'NODE=/usr/local/bin/node',
    'npm_config_version_git_tag=true',
    'SHELL=/bin/bash',
    'TERM=xterm-256color',
    'npm_package_devDependencies_rimraf=^2.6.1',
    'TMPDIR=/var/folders/4s/nwf4nk_95cd3gmtsgsr1jq5w0000gn/T/',
    'npm_config_init_license=MIT',
    'npm_package_scripts_serve_prod=http-server docs -o',
    'Apple_PubSub_Socket_Render=/private/tmp/com.apple.launchd.07JyYpjTO3/Render',
    'npm_config_registry=https://registry.yarnpkg.com',
    'npm_package_description=Talend Documentation Swanky Documentation',
    'npm_package_devDependencies_webpack=^3.10.0',
    'USER=jsomsanith',
    'npm_package_license=MIT',
    'npm_package_scripts_build_serve=npm-run-all build serve:prod',
    'npm_package_scripts_prebuild=rimraf docs/',
    'SSH_AUTH_SOCK=/private/tmp/com.apple.launchd.vEpZBFpVfy/Listeners',
    '__CF_USER_TEXT_ENCODING=0x1F5:0x0:0x1',
    'npm_execpath=/usr/local/lib/node_modules/yarn/bin/yarn.js',
    'npm_package_author_name=Talend',
    'npm_package_devDependencies_http_server=^0.11.1',
    'MAVEN_OPTS=-Xms256m -Xmx512m',
    'npm_config_argv={"remain":[],"cooked":["run","create"],"original":["run","create"]}',
    'PATH=/Users/jsomsanith/Documents/workspace/DemoGuideline/node_modules/.bin:/Users/jsomsanith/.config/yarn/link/node_modules/.bin:/Users/jsomsanith/Documents/workspace/DemoGuideline/node_modules/.bin:/Users/jsomsanith/.config/yarn/link/node_modules/.bin:/usr/local/libexec/lib/node_modules/npm/bin/node-gyp-bin:/usr/local/lib/node_modules/npm/bin/node-gyp-bin:/usr/local/bin/node_modules/npm/bin/node-gyp-bin:/usr/local/bin:/usr/bin:/bin:/usr/sbin:/sbin:/Users/jsomsanith/bash-script',
    'npm_package_devDependencies_swanky=^4.2.8',
    '_=./scripts/create.js',
    'npm_package_devDependencies_npm_run_all=^4.1.2',
    'PWD=/Users/jsomsanith/Documents/workspace/DemoGuideline',
    'npm_lifecycle_event=create',
    'npm_package_name=talend-documentation-swanky',
    'npm_package_scripts_start=node src/config/start/serve.dev.js',
    'npm_package_scripts_build=NODE_ENV=production webpack -p --config src/config/build/build.prod.js',
    'npm_package_dependencies_highlightjs=9.10.0',
    'XPC_FLAGS=0x0',
    'GIT_PS1_SHOWUNTRACKEDFILES=true',
    'npm_package_scripts_create=./scripts/create.js',
    'npm_package_version=',
    'XPC_SERVICE_NAME=0',
    'HOME=/Users/jsomsanith',
    'SHLVL=2',
    'M2_HOME=/Users/jsomsanith/.m2',
    'npm_config_strict_ssl=true',
    'npm_config_save_prefix=^',
    'npm_config_version_git_message=v%s',
    'GIT_PS1_SHOWSTASHSTATE=true',
    'YARN_WRAP_OUTPUT=false',
    'LOGNAME=jsomsanith',
    'npm_package_devDependencies_cross_spawn=^6.0.5',
    'npm_lifecycle_script=./scripts/create.js',
    'GIT_PS1_SHOWUPSTREAM=verbose',
    'LC_CTYPE=fr_FR.UTF-8',
    'npm_config_user_agent=yarn/1.6.0 npm/? node/v8.11.1 darwin x64',
    'npm_config_ignore_scripts=',
    'npm_config_version_git_sign=',
    'npm_config_ignore_optional=',
    'npm_config_init_version=1.0.0',
    'npm_config_version_tag_prefix=v',
    'npm_node_execpath=/usr/local/bin/node' ],
  options:
  { stdio: [ [Object], [Object], [Object] ],
    env:
    { GIT_PS1_SHOWDIRTYSTATE: 'true',
      TALEND_REGISTRY: 'registry.datapwn.com',
      NODE: '/usr/local/bin/node',
      npm_config_version_git_tag: 'true',
      SHELL: '/bin/bash',
      TERM: 'xterm-256color',
      npm_package_devDependencies_rimraf: '^2.6.1',
      TMPDIR: '/var/folders/4s/nwf4nk_95cd3gmtsgsr1jq5w0000gn/T/',
      npm_config_init_license: 'MIT',
      npm_package_scripts_serve_prod: 'http-server docs -o',
      Apple_PubSub_Socket_Render: '/private/tmp/com.apple.launchd.07JyYpjTO3/Render',
      npm_config_registry: 'https://registry.yarnpkg.com',
      npm_package_description: 'Talend Documentation Swanky Documentation',
      npm_package_devDependencies_webpack: '^3.10.0',
      USER: 'jsomsanith',
      npm_package_license: 'MIT',
      npm_package_scripts_build_serve: 'npm-run-all build serve:prod',
      npm_package_scripts_prebuild: 'rimraf docs/',
      SSH_AUTH_SOCK: '/private/tmp/com.apple.launchd.vEpZBFpVfy/Listeners',
      __CF_USER_TEXT_ENCODING: '0x1F5:0x0:0x1',
      npm_execpath: '/usr/local/lib/node_modules/yarn/bin/yarn.js',
      npm_package_author_name: 'Talend',
      npm_package_devDependencies_http_server: '^0.11.1',
      MAVEN_OPTS: '-Xms256m -Xmx512m',
      npm_config_argv: '{"remain":[],"cooked":["run","create"],"original":["run","create"]}',
      PATH: '/Users/jsomsanith/Documents/workspace/DemoGuideline/node_modules/.bin:/Users/jsomsanith/.config/yarn/link/node_modules/.bin:/Users/jsomsanith/Documents/workspace/DemoGuideline/node_modules/.bin:/Users/jsomsanith/.config/yarn/link/node_modules/.bin:/usr/local/libexec/lib/node_modules/npm/bin/node-gyp-bin:/usr/local/lib/node_modules/npm/bin/node-gyp-bin:/usr/local/bin/node_modules/npm/bin/node-gyp-bin:/usr/local/bin:/usr/bin:/bin:/usr/sbin:/sbin:/Users/jsomsanith/bash-script',
      npm_package_devDependencies_swanky: '^4.2.8',
      _: './scripts/create.js',
      npm_package_devDependencies_npm_run_all: '^4.1.2',
      PWD: '/Users/jsomsanith/Documents/workspace/DemoGuideline',
      npm_lifecycle_event: 'create',
      npm_package_name: 'talend-documentation-swanky',
      npm_package_scripts_start: 'node src/config/start/serve.dev.js',
      npm_package_scripts_build: 'NODE_ENV=production webpack -p --config src/config/build/build.prod.js',
      npm_package_dependencies_highlightjs: '9.10.0',
      XPC_FLAGS: '0x0',
      GIT_PS1_SHOWUNTRACKEDFILES: 'true',
      npm_package_scripts_create: './scripts/create.js',
      npm_package_version: '',
      XPC_SERVICE_NAME: '0',
      HOME: '/Users/jsomsanith',
      SHLVL: '2',
      M2_HOME: '/Users/jsomsanith/.m2',
      npm_config_strict_ssl: 'true',
      npm_config_save_prefix: '^',
      npm_config_version_git_message: 'v%s',
      GIT_PS1_SHOWSTASHSTATE: 'true',
      YARN_WRAP_OUTPUT: 'false',
      LOGNAME: 'jsomsanith',
      npm_package_devDependencies_cross_spawn: '^6.0.5',
      npm_lifecycle_script: './scripts/create.js',
      GIT_PS1_SHOWUPSTREAM: 'verbose',
      LC_CTYPE: 'fr_FR.UTF-8',
      npm_config_user_agent: 'yarn/1.6.0 npm/? node/v8.11.1 darwin x64',
      npm_config_ignore_scripts: '',
      npm_config_version_git_sign: '',
      npm_config_ignore_optional: '',
      npm_config_init_version: '1.0.0',
      npm_config_version_tag_prefix: 'v',
      npm_node_execpath: '/usr/local/bin/node' },
    file: 'git',
    args: [ 'git', 'symbolic-ref', '-q', 'HEAD' ],
    envPairs:
    [ 'GIT_PS1_SHOWDIRTYSTATE=true',
      'TALEND_REGISTRY=registry.datapwn.com',
      'NODE=/usr/local/bin/node',
      'npm_config_version_git_tag=true',
      'SHELL=/bin/bash',
      'TERM=xterm-256color',
      'npm_package_devDependencies_rimraf=^2.6.1',
      'TMPDIR=/var/folders/4s/nwf4nk_95cd3gmtsgsr1jq5w0000gn/T/',
      'npm_config_init_license=MIT',
      'npm_package_scripts_serve_prod=http-server docs -o',
      'Apple_PubSub_Socket_Render=/private/tmp/com.apple.launchd.07JyYpjTO3/Render',
      'npm_config_registry=https://registry.yarnpkg.com',
      'npm_package_description=Talend Documentation Swanky Documentation',
      'npm_package_devDependencies_webpack=^3.10.0',
      'USER=jsomsanith',
      'npm_package_license=MIT',
      'npm_package_scripts_build_serve=npm-run-all build serve:prod',
      'npm_package_scripts_prebuild=rimraf docs/',
      'SSH_AUTH_SOCK=/private/tmp/com.apple.launchd.vEpZBFpVfy/Listeners',
      '__CF_USER_TEXT_ENCODING=0x1F5:0x0:0x1',
      'npm_execpath=/usr/local/lib/node_modules/yarn/bin/yarn.js',
      'npm_package_author_name=Talend',
      'npm_package_devDependencies_http_server=^0.11.1',
      'MAVEN_OPTS=-Xms256m -Xmx512m',
      'npm_config_argv={"remain":[],"cooked":["run","create"],"original":["run","create"]}',
      'PATH=/Users/jsomsanith/Documents/workspace/DemoGuideline/node_modules/.bin:/Users/jsomsanith/.config/yarn/link/node_modules/.bin:/Users/jsomsanith/Documents/workspace/DemoGuideline/node_modules/.bin:/Users/jsomsanith/.config/yarn/link/node_modules/.bin:/usr/local/libexec/lib/node_modules/npm/bin/node-gyp-bin:/usr/local/lib/node_modules/npm/bin/node-gyp-bin:/usr/local/bin/node_modules/npm/bin/node-gyp-bin:/usr/local/bin:/usr/bin:/bin:/usr/sbin:/sbin:/Users/jsomsanith/bash-script',
      'npm_package_devDependencies_swanky=^4.2.8',
      '_=./scripts/create.js',
      'npm_package_devDependencies_npm_run_all=^4.1.2',
      'PWD=/Users/jsomsanith/Documents/workspace/DemoGuideline',
      'npm_lifecycle_event=create',
      'npm_package_name=talend-documentation-swanky',
      'npm_package_scripts_start=node src/config/start/serve.dev.js',
      'npm_package_scripts_build=NODE_ENV=production webpack -p --config src/config/build/build.prod.js',
      'npm_package_dependencies_highlightjs=9.10.0',
      'XPC_FLAGS=0x0',
      'GIT_PS1_SHOWUNTRACKEDFILES=true',
      'npm_package_scripts_create=./scripts/create.js',
      'npm_package_version=',
      'XPC_SERVICE_NAME=0',
      'HOME=/Users/jsomsanith',
      'SHLVL=2',
      'M2_HOME=/Users/jsomsanith/.m2',
      'npm_config_strict_ssl=true',
      'npm_config_save_prefix=^',
      'npm_config_version_git_message=v%s',
      'GIT_PS1_SHOWSTASHSTATE=true',
      'YARN_WRAP_OUTPUT=false',
      'LOGNAME=jsomsanith',
      'npm_package_devDependencies_cross_spawn=^6.0.5',
      'npm_lifecycle_script=./scripts/create.js',
      'GIT_PS1_SHOWUPSTREAM=verbose',
      'LC_CTYPE=fr_FR.UTF-8',
      'npm_config_user_agent=yarn/1.6.0 npm/? node/v8.11.1 darwin x64',
      'npm_config_ignore_scripts=',
      'npm_config_version_git_sign=',
      'npm_config_ignore_optional=',
      'npm_config_init_version=1.0.0',
      'npm_config_version_tag_prefix=v',
      'npm_node_execpath=/usr/local/bin/node' ],
    killSignal: undefined },
  args: [ 'git', 'symbolic-ref', '-q', 'HEAD' ],
  file: 'git',
  error: null }
/Users/jsomsanith/Documents/workspace/DemoGuideline/scripts/
